// !$*UTF8*$!
{
	archiveVersion = 1;
	classes = {
	};
	objectVersion = 48;
	objects = {

/* Begin PBXBuildFile section */
		28A6810C76C4E1494CB86D49 /* libPods-FeaturesManager.a in Frameworks */ = {isa = PBXBuildFile; fileRef = 5A51F33605FBA1573C0C88C6 /* libPods-FeaturesManager.a */; };
		D7FE131C21D1D52500413C02 /* AppDelegate.m in Sources */ = {isa = PBXBuildFile; fileRef = D7FE131021D1D52500413C02 /* AppDelegate.m */; };
		D7FE131D21D1D52500413C02 /* AppDelegate+AppService.m in Sources */ = {isa = PBXBuildFile; fileRef = D7FE131121D1D52500413C02 /* AppDelegate+AppService.m */; };
		D7FE131E21D1D52500413C02 /* Assets.xcassets in Resources */ = {isa = PBXBuildFile; fileRef = D7FE131421D1D52500413C02 /* Assets.xcassets */; };
		D7FE131F21D1D52500413C02 /* LaunchScreen.storyboard in Resources */ = {isa = PBXBuildFile; fileRef = D7FE131521D1D52500413C02 /* LaunchScreen.storyboard */; };
		D7FE132021D1D52500413C02 /* Main.storyboard in Resources */ = {isa = PBXBuildFile; fileRef = D7FE131721D1D52500413C02 /* Main.storyboard */; };
		D7FE132121D1D52500413C02 /* main.m in Sources */ = {isa = PBXBuildFile; fileRef = D7FE131921D1D52500413C02 /* main.m */; };
		D7FE132221D1D52500413C02 /* Info.plist in Resources */ = {isa = PBXBuildFile; fileRef = D7FE131A21D1D52500413C02 /* Info.plist */; };
/* End PBXBuildFile section */

/* Begin PBXFileReference section */
		0DC4A73C42716FC2A18D5232 /* Pods-FeaturesManager.debug.xcconfig */ = {isa = PBXFileReference; includeInIndex = 1; lastKnownFileType = text.xcconfig; name = "Pods-FeaturesManager.debug.xcconfig"; path = "Pods/Target Support Files/Pods-FeaturesManager/Pods-FeaturesManager.debug.xcconfig"; sourceTree = "<group>"; };
		5A51F33605FBA1573C0C88C6 /* libPods-FeaturesManager.a */ = {isa = PBXFileReference; explicitFileType = archive.ar; includeInIndex = 0; path = "libPods-FeaturesManager.a"; sourceTree = BUILT_PRODUCTS_DIR; };
		8EFCB5FA26D240241874C1F1 /* Pods-FeaturesManager.release.xcconfig */ = {isa = PBXFileReference; includeInIndex = 1; lastKnownFileType = text.xcconfig; name = "Pods-FeaturesManager.release.xcconfig"; path = "Pods/Target Support Files/Pods-FeaturesManager/Pods-FeaturesManager.release.xcconfig"; sourceTree = "<group>"; };
		CB70044221D1D0E500C07A6C /* FeaturesManager.app */ = {isa = PBXFileReference; explicitFileType = wrapper.application; includeInIndex = 0; path = FeaturesManager.app; sourceTree = BUILT_PRODUCTS_DIR; };
		D7FE130E21D1D52500413C02 /* AppDelegate.h */ = {isa = PBXFileReference; fileEncoding = 4; lastKnownFileType = sourcecode.c.h; path = AppDelegate.h; sourceTree = "<group>"; };
		D7FE130F21D1D52500413C02 /* AppDelegate+AppService.h */ = {isa = PBXFileReference; fileEncoding = 4; lastKnownFileType = sourcecode.c.h; path = "AppDelegate+AppService.h"; sourceTree = "<group>"; };
		D7FE131021D1D52500413C02 /* AppDelegate.m */ = {isa = PBXFileReference; fileEncoding = 4; lastKnownFileType = sourcecode.c.objc; path = AppDelegate.m; sourceTree = "<group>"; };
		D7FE131121D1D52500413C02 /* AppDelegate+AppService.m */ = {isa = PBXFileReference; fileEncoding = 4; lastKnownFileType = sourcecode.c.objc; path = "AppDelegate+AppService.m"; sourceTree = "<group>"; };
		D7FE131421D1D52500413C02 /* Assets.xcassets */ = {isa = PBXFileReference; lastKnownFileType = folder.assetcatalog; path = Assets.xcassets; sourceTree = "<group>"; };
		D7FE131621D1D52500413C02 /* Base */ = {isa = PBXFileReference; lastKnownFileType = file.storyboard; name = Base; path = Base.lproj/LaunchScreen.storyboard; sourceTree = "<group>"; };
		D7FE131821D1D52500413C02 /* Base */ = {isa = PBXFileReference; lastKnownFileType = file.storyboard; name = Base; path = Base.lproj/Main.storyboard; sourceTree = "<group>"; };
		D7FE131921D1D52500413C02 /* main.m */ = {isa = PBXFileReference; fileEncoding = 4; lastKnownFileType = sourcecode.c.objc; path = main.m; sourceTree = "<group>"; };
		D7FE131A21D1D52500413C02 /* Info.plist */ = {isa = PBXFileReference; fileEncoding = 4; lastKnownFileType = text.plist.xml; path = Info.plist; sourceTree = "<group>"; };
/* End PBXFileReference section */

/* Begin PBXFrameworksBuildPhase section */
		CB70043F21D1D0E500C07A6C /* Frameworks */ = {
			isa = PBXFrameworksBuildPhase;
			buildActionMask = 2147483647;
			files = (
				28A6810C76C4E1494CB86D49 /* libPods-FeaturesManager.a in Frameworks */,
			);
			runOnlyForDeploymentPostprocessing = 0;
		};
/* End PBXFrameworksBuildPhase section */

/* Begin PBXGroup section */
		64E774D15592998A67E18EDE /* Pods */ = {
			isa = PBXGroup;
			children = (
				0DC4A73C42716FC2A18D5232 /* Pods-FeaturesManager.debug.xcconfig */,
				8EFCB5FA26D240241874C1F1 /* Pods-FeaturesManager.release.xcconfig */,
			);
			name = Pods;
			sourceTree = "<group>";
		};
		BAEE1096982E2C3072F1CE43 /* Frameworks */ = {
			isa = PBXGroup;
			children = (
				5A51F33605FBA1573C0C88C6 /* libPods-FeaturesManager.a */,
			);
			name = Frameworks;
			sourceTree = "<group>";
		};
		CB70043921D1D0E500C07A6C = {
			isa = PBXGroup;
			children = (
				CB70044421D1D0E500C07A6C /* FeaturesManager */,
				CB70044321D1D0E500C07A6C /* Products */,
				64E774D15592998A67E18EDE /* Pods */,
				BAEE1096982E2C3072F1CE43 /* Frameworks */,
			);
			sourceTree = "<group>";
		};
		CB70044321D1D0E500C07A6C /* Products */ = {
			isa = PBXGroup;
			children = (
				CB70044221D1D0E500C07A6C /* FeaturesManager.app */,
			);
			name = Products;
			sourceTree = "<group>";
		};
		CB70044421D1D0E500C07A6C /* FeaturesManager */ = {
			isa = PBXGroup;
			children = (
				D7FE132321D1D54C00413C02 /* Modules */,
				D7FE130D21D1D52500413C02 /* AppDelegate */,
				D7FE131B21D1D52500413C02 /* Resource */,
				D7FE131321D1D52500413C02 /* Supporting Files */,
				D7FE130C21D1D52500413C02 /* ThridParty */,
				D7FE131A21D1D52500413C02 /* Info.plist */,
			);
			path = FeaturesManager;
			sourceTree = "<group>";
		};
		D7FE130C21D1D52500413C02 /* ThridParty */ = {
			isa = PBXGroup;
			children = (
			);
			path = ThridParty;
			sourceTree = "<group>";
		};
		D7FE130D21D1D52500413C02 /* AppDelegate */ = {
			isa = PBXGroup;
			children = (
				D7FE130E21D1D52500413C02 /* AppDelegate.h */,
				D7FE131021D1D52500413C02 /* AppDelegate.m */,
				D7FE130F21D1D52500413C02 /* AppDelegate+AppService.h */,
				D7FE131121D1D52500413C02 /* AppDelegate+AppService.m */,
			);
			path = AppDelegate;
			sourceTree = "<group>";
		};
		D7FE131321D1D52500413C02 /* Supporting Files */ = {
			isa = PBXGroup;
			children = (
				D7FE131421D1D52500413C02 /* Assets.xcassets */,
				D7FE131521D1D52500413C02 /* LaunchScreen.storyboard */,
				D7FE131721D1D52500413C02 /* Main.storyboard */,
				D7FE131921D1D52500413C02 /* main.m */,
			);
			path = "Supporting Files";
			sourceTree = "<group>";
		};
		D7FE131B21D1D52500413C02 /* Resource */ = {
			isa = PBXGroup;
			children = (
			);
			path = Resource;
			sourceTree = "<group>";
		};
		D7FE132321D1D54C00413C02 /* Modules */ = {
			isa = PBXGroup;
			children = (
			);
			path = Modules;
			sourceTree = "<group>";
		};
/* End PBXGroup section */

/* Begin PBXNativeTarget section */
		CB70044121D1D0E500C07A6C /* FeaturesManager */ = {
			isa = PBXNativeTarget;
			buildConfigurationList = CB70045821D1D0E500C07A6C /* Build configuration list for PBXNativeTarget "FeaturesManager" */;
			buildPhases = (
				7D7411AA96EB6BC12B89D421 /* [CP] Check Pods Manifest.lock */,
				CB70043E21D1D0E500C07A6C /* Sources */,
				CB70043F21D1D0E500C07A6C /* Frameworks */,
				CB70044021D1D0E500C07A6C /* Resources */,
				C46A06036D9A633445FD036E /* [CP] Copy Pods Resources */,
			);
			buildRules = (
			);
			dependencies = (
			);
			name = FeaturesManager;
			productName = FeaturesManager;
			productReference = CB70044221D1D0E500C07A6C /* FeaturesManager.app */;
			productType = "com.apple.product-type.application";
		};
/* End PBXNativeTarget section */

/* Begin PBXProject section */
		CB70043A21D1D0E500C07A6C /* Project object */ = {
			isa = PBXProject;
			attributes = {
				LastUpgradeCheck = 0920;
				ORGANIZATIONNAME = MAC;
				TargetAttributes = {
					CB70044121D1D0E500C07A6C = {
						CreatedOnToolsVersion = 9.2;
						ProvisioningStyle = Automatic;
					};
				};
			};
			buildConfigurationList = CB70043D21D1D0E500C07A6C /* Build configuration list for PBXProject "FeaturesManager" */;
			compatibilityVersion = "Xcode 8.0";
			developmentRegion = en;
			hasScannedForEncodings = 0;
			knownRegions = (
				en,
				Base,
			);
			mainGroup = CB70043921D1D0E500C07A6C;
			productRefGroup = CB70044321D1D0E500C07A6C /* Products */;
			projectDirPath = "";
			projectRoot = "";
			targets = (
				CB70044121D1D0E500C07A6C /* FeaturesManager */,
			);
		};
/* End PBXProject section */

/* Begin PBXResourcesBuildPhase section */
		CB70044021D1D0E500C07A6C /* Resources */ = {
			isa = PBXResourcesBuildPhase;
			buildActionMask = 2147483647;
			files = (
				D7FE132021D1D52500413C02 /* Main.storyboard in Resources */,
				D7FE132221D1D52500413C02 /* Info.plist in Resources */,
				D7FE131F21D1D52500413C02 /* LaunchScreen.storyboard in Resources */,
				D7FE131E21D1D52500413C02 /* Assets.xcassets in Resources */,
			);
			runOnlyForDeploymentPostprocessing = 0;
		};
/* End PBXResourcesBuildPhase section */

/* Begin PBXShellScriptBuildPhase section */
		7D7411AA96EB6BC12B89D421 /* [CP] Check Pods Manifest.lock */ = {
			isa = PBXShellScriptBuildPhase;
			buildActionMask = 2147483647;
			files = (
			);
			inputPaths = (
				"${PODS_PODFILE_DIR_PATH}/Podfile.lock",
				"${PODS_ROOT}/Manifest.lock",
			);
			name = "[CP] Check Pods Manifest.lock";
			outputPaths = (
				"$(DERIVED_FILE_DIR)/Pods-FeaturesManager-checkManifestLockResult.txt",
			);
			runOnlyForDeploymentPostprocessing = 0;
			shellPath = /bin/sh;
			shellScript = "diff \"${PODS_PODFILE_DIR_PATH}/Podfile.lock\" \"${PODS_ROOT}/Manifest.lock\" > /dev/null\nif [ $? != 0 ] ; then\n    # print error to STDERR\n    echo \"error: The sandbox is not in sync with the Podfile.lock. Run 'pod install' or update your CocoaPods installation.\" >&2\n    exit 1\nfi\n# This output is used by Xcode 'outputs' to avoid re-running this script phase.\necho \"SUCCESS\" > \"${SCRIPT_OUTPUT_FILE_0}\"\n";
			showEnvVarsInLog = 0;
		};
		C46A06036D9A633445FD036E /* [CP] Copy Pods Resources */ = {
			isa = PBXShellScriptBuildPhase;
			buildActionMask = 2147483647;
			files = (
			);
			inputPaths = (
				"${SRCROOT}/Pods/Target Support Files/Pods-FeaturesManager/Pods-FeaturesManager-resources.sh",
				"${PODS_ROOT}/MJRefresh/MJRefresh/MJRefresh.bundle",
			);
			name = "[CP] Copy Pods Resources";
			outputPaths = (
				"${TARGET_BUILD_DIR}/${UNLOCALIZED_RESOURCES_FOLDER_PATH}/MJRefresh.bundle",
			);
			runOnlyForDeploymentPostprocessing = 0;
			shellPath = /bin/sh;
			shellScript = "\"${SRCROOT}/Pods/Target Support Files/Pods-FeaturesManager/Pods-FeaturesManager-resources.sh\"\n";
			showEnvVarsInLog = 0;
		};
/* End PBXShellScriptBuildPhase section */

/* Begin PBXSourcesBuildPhase section */
		CB70043E21D1D0E500C07A6C /* Sources */ = {
			isa = PBXSourcesBuildPhase;
			buildActionMask = 2147483647;
			files = (
				D7FE131D21D1D52500413C02 /* AppDelegate+AppService.m in Sources */,
				D7FE132121D1D52500413C02 /* main.m in Sources */,
				D7FE131C21D1D52500413C02 /* AppDelegate.m in Sources */,
			);
			runOnlyForDeploymentPostprocessing = 0;
		};
/* End PBXSourcesBuildPhase section */

/* Begin PBXVariantGroup section */
		D7FE131521D1D52500413C02 /* LaunchScreen.storyboard */ = {
			isa = PBXVariantGroup;
			children = (
				D7FE131621D1D52500413C02 /* Base */,
			);
			name = LaunchScreen.storyboard;
			sourceTree = "<group>";
		};
		D7FE131721D1D52500413C02 /* Main.storyboard */ = {
			isa = PBXVariantGroup;
			children = (
				D7FE131821D1D52500413C02 /* Base */,
			);
			name = Main.storyboard;
			sourceTree = "<group>";
		};
/* End PBXVariantGroup section */

/* Begin XCBuildConfiguration section */
		CB70045621D1D0E500C07A6C /* Debug */ = {
			isa = XCBuildConfiguration;
			buildSettings = {
				ALWAYS_SEARCH_USER_PATHS = NO;
				CLANG_ANALYZER_NONNULL = YES;
				CLANG_ANALYZER_NUMBER_OBJECT_CONVERSION = YES_AGGRESSIVE;
				CLANG_CXX_LANGUAGE_STANDARD = "gnu++14";
				CLANG_CXX_LIBRARY = "libc++";
				CLANG_ENABLE_MODULES = YES;
				CLANG_ENABLE_OBJC_ARC = YES;
				CLANG_WARN_BLOCK_CAPTURE_AUTORELEASING = YES;
				CLANG_WARN_BOOL_CONVERSION = YES;
				CLANG_WARN_COMMA = YES;
				CLANG_WARN_CONSTANT_CONVERSION = YES;
				CLANG_WARN_DIRECT_OBJC_ISA_USAGE = YES_ERROR;
				CLANG_WARN_DOCUMENTATION_COMMENTS = YES;
				CLANG_WARN_EMPTY_BODY = YES;
				CLANG_WARN_ENUM_CONVERSION = YES;
				CLANG_WARN_INFINITE_RECURSION = YES;
				CLANG_WARN_INT_CONVERSION = YES;
				CLANG_WARN_NON_LITERAL_NULL_CONVERSION = YES;
				CLANG_WARN_OBJC_LITERAL_CONVERSION = YES;
				CLANG_WARN_OBJC_ROOT_CLASS = YES_ERROR;
				CLANG_WARN_RANGE_LOOP_ANALYSIS = YES;
				CLANG_WARN_STRICT_PROTOTYPES = YES;
				CLANG_WARN_SUSPICIOUS_MOVE = YES;
				CLANG_WARN_UNGUARDED_AVAILABILITY = YES_AGGRESSIVE;
				CLANG_WARN_UNREACHABLE_CODE = YES;
				CLANG_WARN__DUPLICATE_METHOD_MATCH = YES;
				CODE_SIGN_IDENTITY = "iPhone Developer";
				COPY_PHASE_STRIP = NO;
				DEBUG_INFORMATION_FORMAT = dwarf;
				ENABLE_STRICT_OBJC_MSGSEND = YES;
				ENABLE_TESTABILITY = YES;
				GCC_C_LANGUAGE_STANDARD = gnu11;
				GCC_DYNAMIC_NO_PIC = NO;
				GCC_NO_COMMON_BLOCKS = YES;
				GCC_OPTIMIZATION_LEVEL = 0;
				GCC_PREPROCESSOR_DEFINITIONS = (
					"DEBUG=1",
					"$(inherited)",
				);
				GCC_WARN_64_TO_32_BIT_CONVERSION = YES;
				GCC_WARN_ABOUT_RETURN_TYPE = YES_ERROR;
				GCC_WARN_UNDECLARED_SELECTOR = YES;
				GCC_WARN_UNINITIALIZED_AUTOS = YES_AGGRESSIVE;
				GCC_WARN_UNUSED_FUNCTION = YES;
				GCC_WARN_UNUSED_VARIABLE = YES;
				IPHONEOS_DEPLOYMENT_TARGET = 11.2;
				MTL_ENABLE_DEBUG_INFO = YES;
				ONLY_ACTIVE_ARCH = YES;
				SDKROOT = iphoneos;
			};
			name = Debug;
		};
		CB70045721D1D0E500C07A6C /* Release */ = {
			isa = XCBuildConfiguration;
			buildSettings = {
				ALWAYS_SEARCH_USER_PATHS = NO;
				CLANG_ANALYZER_NONNULL = YES;
				CLANG_ANALYZER_NUMBER_OBJECT_CONVERSION = YES_AGGRESSIVE;
				CLANG_CXX_LANGUAGE_STANDARD = "gnu++14";
				CLANG_CXX_LIBRARY = "libc++";
				CLANG_ENABLE_MODULES = YES;
				CLANG_ENABLE_OBJC_ARC = YES;
				CLANG_WARN_BLOCK_CAPTURE_AUTORELEASING = YES;
				CLANG_WARN_BOOL_CONVERSION = YES;
				CLANG_WARN_COMMA = YES;
				CLANG_WARN_CONSTANT_CONVERSION = YES;
				CLANG_WARN_DIRECT_OBJC_ISA_USAGE = YES_ERROR;
				CLANG_WARN_DOCUMENTATION_COMMENTS = YES;
				CLANG_WARN_EMPTY_BODY = YES;
				CLANG_WARN_ENUM_CONVERSION = YES;
				CLANG_WARN_INFINITE_RECURSION = YES;
				CLANG_WARN_INT_CONVERSION = YES;
				CLANG_WARN_NON_LITERAL_NULL_CONVERSION = YES;
				CLANG_WARN_OBJC_LITERAL_CONVERSION = YES;
				CLANG_WARN_OBJC_ROOT_CLASS = YES_ERROR;
				CLANG_WARN_RANGE_LOOP_ANALYSIS = YES;
				CLANG_WARN_STRICT_PROTOTYPES = YES;
				CLANG_WARN_SUSPICIOUS_MOVE = YES;
				CLANG_WARN_UNGUARDED_AVAILABILITY = YES_AGGRESSIVE;
				CLANG_WARN_UNREACHABLE_CODE = YES;
				CLANG_WARN__DUPLICATE_METHOD_MATCH = YES;
				CODE_SIGN_IDENTITY = "iPhone Developer";
				COPY_PHASE_STRIP = NO;
				DEBUG_INFORMATION_FORMAT = "dwarf-with-dsym";
				ENABLE_NS_ASSERTIONS = NO;
				ENABLE_STRICT_OBJC_MSGSEND = YES;
				GCC_C_LANGUAGE_STANDARD = gnu11;
				GCC_NO_COMMON_BLOCKS = YES;
				GCC_WARN_64_TO_32_BIT_CONVERSION = YES;
				GCC_WARN_ABOUT_RETURN_TYPE = YES_ERROR;
				GCC_WARN_UNDECLARED_SELECTOR = YES;
				GCC_WARN_UNINITIALIZED_AUTOS = YES_AGGRESSIVE;
				GCC_WARN_UNUSED_FUNCTION = YES;
				GCC_WARN_UNUSED_VARIABLE = YES;
				IPHONEOS_DEPLOYMENT_TARGET = 11.2;
				MTL_ENABLE_DEBUG_INFO = NO;
				SDKROOT = iphoneos;
				VALIDATE_PRODUCT = YES;
			};
			name = Release;
		};
		CB70045921D1D0E500C07A6C /* Debug */ = {
			isa = XCBuildConfiguration;
			baseConfigurationReference = 0DC4A73C42716FC2A18D5232 /* Pods-FeaturesManager.debug.xcconfig */;
			buildSettings = {
				ASSETCATALOG_COMPILER_APPICON_NAME = AppIcon;
				CODE_SIGN_STYLE = Automatic;
				DEVELOPMENT_TEAM = 68PR8L84Y3;
				INFOPLIST_FILE = FeaturesManager/Info.plist;
				LD_RUNPATH_SEARCH_PATHS = "$(inherited) @executable_path/Frameworks";
				PRODUCT_BUNDLE_IDENTIFIER = com.multiable.cordchat.enterprise.global.FeaturesManager;
				PRODUCT_NAME = "$(TARGET_NAME)";
				TARGETED_DEVICE_FAMILY = "1,2";
			};
			name = Debug;
		};
		CB70045A21D1D0E500C07A6C /* Release */ = {
			isa = XCBuildConfiguration;
			baseConfigurationReference = 8EFCB5FA26D240241874C1F1 /* Pods-FeaturesManager.release.xcconfig */;
			buildSettings = {
				ASSETCATALOG_COMPILER_APPICON_NAME = AppIcon;
				CODE_SIGN_STYLE = Automatic;
				DEVELOPMENT_TEAM = 68PR8L84Y3;
				INFOPLIST_FILE = FeaturesManager/Info.plist;
				LD_RUNPATH_SEARCH_PATHS = "$(inherited) @executable_path/Frameworks";
				PRODUCT_BUNDLE_IDENTIFIER = com.multiable.cordchat.enterprise.global.FeaturesManager;
				PRODUCT_NAME = "$(TARGET_NAME)";
				TARGETED_DEVICE_FAMILY = "1,2";
			};
			name = Release;
		};
/* End XCBuildConfiguration section */

/* Begin XCConfigurationList section */
		CB70043D21D1D0E500C07A6C /* Build configuration list for PBXProject "FeaturesManager" */ = {
			isa = XCConfigurationList;
			buildConfigurations = (
				CB70045621D1D0E500C07A6C /* Debug */,
				CB70045721D1D0E500C07A6C /* Release */,
			);
			defaultConfigurationIsVisible = 0;
			defaultConfigurationName = Release;
		};
		CB70045821D1D0E500C07A6C /* Build configuration list for PBXNativeTarget "FeaturesManager" */ = {
			isa = XCConfigurationList;
			buildConfigurations = (
				CB70045921D1D0E500C07A6C /* Debug */,
				CB70045A21D1D0E500C07A6C /* Release */,
			);
			defaultConfigurationIsVisible = 0;
			defaultConfigurationName = Release;
		};
/* End XCConfigurationList section */
	};
	rootObject = CB70043A21D1D0E500C07A6C /* Project object */;
}
